
Microsoft Visual Studio Solution File, Format Version 12.00
# Visual Studio 15
VisualStudioVersion = 15.0.26124.0
MinimumVisualStudioVersion = 15.0.26124.0
Project("{FAE04EC0-301F-11D3-BF4B-00C04F79EFBC}") = "Api", "Api\Api.csproj", "{7A9F031F-3B00-4A1B-BFA9-6FF146075D05}"
EndProject
Project("{FAE04EC0-301F-11D3-BF4B-00C04F79EFBC}") = "Core", "Core\Core.csproj", "{C338CCD5-80EA-4457-9393-403AACB84D1B}"
EndProject
Project("{FAE04EC0-301F-11D3-BF4B-00C04F79EFBC}") = "Infraestructure", "Infraestructure\Infraestructure.csproj", "{2C1CE9C1-457A-4CCE-809A-011A6C5F0AFD}"
EndProject
Project("{FAE04EC0-301F-11D3-BF4B-00C04F79EFBC}") = "Shared", "Shared\Shared.csproj", "{DD32FBB1-62CE-444A-8447-8EC1C3A3EA21}"
EndProject
Global
	GlobalSection(SolutionConfigurationPlatforms) = preSolution
		Debug|Any CPU = Debug|Any CPU
		Debug|x64 = Debug|x64
		Debug|x86 = Debug|x86
		Release|Any CPU = Release|Any CPU
		Release|x64 = Release|x64
		Release|x86 = Release|x86
	EndGlobalSection
	GlobalSection(SolutionProperties) = preSolution
		HideSolutionNode = FALSE
	EndGlobalSection
	GlobalSection(ProjectConfigurationPlatforms) = postSolution
		{7A9F031F-3B00-4A1B-BFA9-6FF146075D05}.Debug|Any CPU.ActiveCfg = Debug|Any CPU
		{7A9F031F-3B00-4A1B-BFA9-6FF146075D05}.Debug|Any CPU.Build.0 = Debug|Any CPU
		{7A9F031F-3B00-4A1B-BFA9-6FF146075D05}.Debug|x64.ActiveCfg = Debug|Any CPU
		{7A9F031F-3B00-4A1B-BFA9-6FF146075D05}.Debug|x64.Build.0 = Debug|Any CPU
		{7A9F031F-3B00-4A1B-BFA9-6FF146075D05}.Debug|x86.ActiveCfg = Debug|Any CPU
		{7A9F031F-3B00-4A1B-BFA9-6FF146075D05}.Debug|x86.Build.0 = Debug|Any CPU
		{7A9F031F-3B00-4A1B-BFA9-6FF146075D05}.Release|Any CPU.ActiveCfg = Release|Any CPU
		{7A9F031F-3B00-4A1B-BFA9-6FF146075D05}.Release|Any CPU.Build.0 = Release|Any CPU
		{7A9F031F-3B00-4A1B-BFA9-6FF146075D05}.Release|x64.ActiveCfg = Release|Any CPU
		{7A9F031F-3B00-4A1B-BFA9-6FF146075D05}.Release|x64.Build.0 = Release|Any CPU
		{7A9F031F-3B00-4A1B-BFA9-6FF146075D05}.Release|x86.ActiveCfg = Release|Any CPU
		{7A9F031F-3B00-4A1B-BFA9-6FF146075D05}.Release|x86.Build.0 = Release|Any CPU
		{C338CCD5-80EA-4457-9393-403AACB84D1B}.Debug|Any CPU.ActiveCfg = Debug|Any CPU
		{C338CCD5-80EA-4457-9393-403AACB84D1B}.Debug|Any CPU.Build.0 = Debug|Any CPU
		{C338CCD5-80EA-4457-9393-403AACB84D1B}.Debug|x64.ActiveCfg = Debug|Any CPU
		{C338CCD5-80EA-4457-9393-403AACB84D1B}.Debug|x64.Build.0 = Debug|Any CPU
		{C338CCD5-80EA-4457-9393-403AACB84D1B}.Debug|x86.ActiveCfg = Debug|Any CPU
		{C338CCD5-80EA-4457-9393-403AACB84D1B}.Debug|x86.Build.0 = Debug|Any CPU
		{C338CCD5-80EA-4457-9393-403AACB84D1B}.Release|Any CPU.ActiveCfg = Release|Any CPU
		{C338CCD5-80EA-4457-9393-403AACB84D1B}.Release|Any CPU.Build.0 = Release|Any CPU
		{C338CCD5-80EA-4457-9393-403AACB84D1B}.Release|x64.ActiveCfg = Release|Any CPU
		{C338CCD5-80EA-4457-9393-403AACB84D1B}.Release|x64.Build.0 = Release|Any CPU
		{C338CCD5-80EA-4457-9393-403AACB84D1B}.Release|x86.ActiveCfg = Release|Any CPU
		{C338CCD5-80EA-4457-9393-403AACB84D1B}.Release|x86.Build.0 = Release|Any CPU
		{2C1CE9C1-457A-4CCE-809A-011A6C5F0AFD}.Debug|Any CPU.ActiveCfg = Debug|Any CPU
		{2C1CE9C1-457A-4CCE-809A-011A6C5F0AFD}.Debug|Any CPU.Build.0 = Debug|Any CPU
		{2C1CE9C1-457A-4CCE-809A-011A6C5F0AFD}.Debug|x64.ActiveCfg = Debug|Any CPU
		{2C1CE9C1-457A-4CCE-809A-011A6C5F0AFD}.Debug|x64.Build.0 = Debug|Any CPU
		{2C1CE9C1-457A-4CCE-809A-011A6C5F0AFD}.Debug|x86.ActiveCfg = Debug|Any CPU
		{2C1CE9C1-457A-4CCE-809A-011A6C5F0AFD}.Debug|x86.Build.0 = Debug|Any CPU
		{2C1CE9C1-457A-4CCE-809A-011A6C5F0AFD}.Release|Any CPU.ActiveCfg = Release|Any CPU
		{2C1CE9C1-457A-4CCE-809A-011A6C5F0AFD}.Release|Any CPU.Build.0 = Release|Any CPU
		{2C1CE9C1-457A-4CCE-809A-011A6C5F0AFD}.Release|x64.ActiveCfg = Release|Any CPU
		{2C1CE9C1-457A-4CCE-809A-011A6C5F0AFD}.Release|x64.Build.0 = Release|Any CPU
		{2C1CE9C1-457A-4CCE-809A-011A6C5F0AFD}.Release|x86.ActiveCfg = Release|Any CPU
		{2C1CE9C1-457A-4CCE-809A-011A6C5F0AFD}.Release|x86.Build.0 = Release|Any CPU
		{DD32FBB1-62CE-444A-8447-8EC1C3A3EA21}.Debug|Any CPU.ActiveCfg = Debug|Any CPU
		{DD32FBB1-62CE-444A-8447-8EC1C3A3EA21}.Debug|Any CPU.Build.0 = Debug|Any CPU
		{DD32FBB1-62CE-444A-8447-8EC1C3A3EA21}.Debug|x64.ActiveCfg = Debug|Any CPU
		{DD32FBB1-62CE-444A-8447-8EC1C3A3EA21}.Debug|x64.Build.0 = Debug|Any CPU
		{DD32FBB1-62CE-444A-8447-8EC1C3A3EA21}.Debug|x86.ActiveCfg = Debug|Any CPU
		{DD32FBB1-62CE-444A-8447-8EC1C3A3EA21}.Debug|x86.Build.0 = Debug|Any CPU
		{DD32FBB1-62CE-444A-8447-8EC1C3A3EA21}.Release|Any CPU.ActiveCfg = Release|Any CPU
		{DD32FBB1-62CE-444A-8447-8EC1C3A3EA21}.Release|Any CPU.Build.0 = Release|Any CPU
		{DD32FBB1-62CE-444A-8447-8EC1C3A3EA21}.Release|x64.ActiveCfg = Release|Any CPU
		{DD32FBB1-62CE-444A-8447-8EC1C3A3EA21}.Release|x64.Build.0 = Release|Any CPU
		{DD32FBB1-62CE-444A-8447-8EC1C3A3EA21}.Release|x86.ActiveCfg = Release|Any CPU
		{DD32FBB1-62CE-444A-8447-8EC1C3A3EA21}.Release|x86.Build.0 = Release|Any CPU
	EndGlobalSection
EndGlobal
